
Microsoft Visual Studio Solution File, Format Version 12.00
# Visual Studio 15
VisualStudioVersion = 15.0.27004.2009
MinimumVisualStudioVersion = 10.0.40219.1
Project("{FAE04EC0-301F-11D3-BF4B-00C04F79EFBC}") = "Lecture 19 - Favour Composition", "Lecture 19 - Favour Composition\Lecture 19 - Favour Composition.csproj", "{B896155B-4E7A-4F21-929C-595D6A5D342D}"
EndProject
Global
	GlobalSection(SolutionConfigurationPlatforms) = preSolution
		Debug|Any CPU = Debug|Any CPU
		Release|Any CPU = Release|Any CPU
	EndGlobalSection
	GlobalSection(ProjectConfigurationPlatforms) = postSolution
		{B896155B-4E7A-4F21-929C-595D6A5D342D}.Debug|Any CPU.ActiveCfg = Debug|Any CPU
		{B896155B-4E7A-4F21-929C-595D6A5D342D}.Debug|Any CPU.Build.0 = Debug|Any CPU
		{B896155B-4E7A-4F21-929C-595D6A5D342D}.Release|Any CPU.ActiveCfg = Release|Any CPU
		{B896155B-4E7A-4F21-929C-595D6A5D342D}.Release|Any CPU.Build.0 = Release|Any CPU
	EndGlobalSection
	GlobalSection(SolutionProperties) = preSolution
		HideSolutionNode = FALSE
	EndGlobalSection
	GlobalSection(ExtensibilityGlobals) = postSolution
		SolutionGuid = {348E966D-9E25-4876-A917-894883913AD2}
	EndGlobalSection
EndGlobal
