
Microsoft Visual Studio Solution File, Format Version 12.00
# Visual Studio 15
VisualStudioVersion = 15.0.27004.2010
MinimumVisualStudioVersion = 10.0.40219.1
Project("{FAE04EC0-301F-11D3-BF4B-00C04F79EFBC}") = "Lecture 33 - Testability", "Lecture 33 - Testability\Lecture 33 - Testability.csproj", "{BBC4FFD8-47B9-4D94-96DD-07DD00738BBF}"
EndProject
Project("{FAE04EC0-301F-11D3-BF4B-00C04F79EFBC}") = "Testability.UnitTests", "Testability.UnitTests\Testability.UnitTests.csproj", "{1320B812-0EC3-43C2-98ED-445570894003}"
EndProject
Global
	GlobalSection(SolutionConfigurationPlatforms) = preSolution
		Debug|Any CPU = Debug|Any CPU
		Release|Any CPU = Release|Any CPU
	EndGlobalSection
	GlobalSection(ProjectConfigurationPlatforms) = postSolution
		{BBC4FFD8-47B9-4D94-96DD-07DD00738BBF}.Debug|Any CPU.ActiveCfg = Debug|Any CPU
		{BBC4FFD8-47B9-4D94-96DD-07DD00738BBF}.Debug|Any CPU.Build.0 = Debug|Any CPU
		{BBC4FFD8-47B9-4D94-96DD-07DD00738BBF}.Release|Any CPU.ActiveCfg = Release|Any CPU
		{BBC4FFD8-47B9-4D94-96DD-07DD00738BBF}.Release|Any CPU.Build.0 = Release|Any CPU
		{1320B812-0EC3-43C2-98ED-445570894003}.Debug|Any CPU.ActiveCfg = Debug|Any CPU
		{1320B812-0EC3-43C2-98ED-445570894003}.Debug|Any CPU.Build.0 = Debug|Any CPU
		{1320B812-0EC3-43C2-98ED-445570894003}.Release|Any CPU.ActiveCfg = Release|Any CPU
		{1320B812-0EC3-43C2-98ED-445570894003}.Release|Any CPU.Build.0 = Release|Any CPU
	EndGlobalSection
	GlobalSection(SolutionProperties) = preSolution
		HideSolutionNode = FALSE
	EndGlobalSection
	GlobalSection(ExtensibilityGlobals) = postSolution
		SolutionGuid = {B6D677D0-6353-4788-8667-4C393089B7F0}
	EndGlobalSection
EndGlobal
