
Microsoft Visual Studio Solution File, Format Version 12.00
# Visual Studio 15
VisualStudioVersion = 15.0.27004.2009
MinimumVisualStudioVersion = 10.0.40219.1
Project("{FAE04EC0-301F-11D3-BF4B-00C04F79EFBC}") = "Section_3", "Section_3\Section_3.csproj", "{047820A7-0031-48D8-9413-95B38DED298F}"
EndProject
Global
	GlobalSection(SolutionConfigurationPlatforms) = preSolution
		Debug|Any CPU = Debug|Any CPU
		Release|Any CPU = Release|Any CPU
	EndGlobalSection
	GlobalSection(ProjectConfigurationPlatforms) = postSolution
		{047820A7-0031-48D8-9413-95B38DED298F}.Debug|Any CPU.ActiveCfg = Debug|Any CPU
		{047820A7-0031-48D8-9413-95B38DED298F}.Debug|Any CPU.Build.0 = Debug|Any CPU
		{047820A7-0031-48D8-9413-95B38DED298F}.Release|Any CPU.ActiveCfg = Release|Any CPU
		{047820A7-0031-48D8-9413-95B38DED298F}.Release|Any CPU.Build.0 = Release|Any CPU
	EndGlobalSection
	GlobalSection(SolutionProperties) = preSolution
		HideSolutionNode = FALSE
	EndGlobalSection
	GlobalSection(ExtensibilityGlobals) = postSolution
		SolutionGuid = {05FB76FB-052C-4D9F-A959-B475EF858F56}
	EndGlobalSection
EndGlobal
