
Microsoft Visual Studio Solution File, Format Version 12.00
# Visual Studio 15
VisualStudioVersion = 15.0.27004.2009
MinimumVisualStudioVersion = 10.0.40219.1
Project("{FAE04EC0-301F-11D3-BF4B-00C04F79EFBC}") = "Lecture 15 - StackOverflow Post", "Lecture 15 - StackOverflow Post\Lecture 15 - StackOverflow Post.csproj", "{C0F31713-12C3-4EA4-A4B2-DFA50CFA2036}"
EndProject
Global
	GlobalSection(SolutionConfigurationPlatforms) = preSolution
		Debug|Any CPU = Debug|Any CPU
		Release|Any CPU = Release|Any CPU
	EndGlobalSection
	GlobalSection(ProjectConfigurationPlatforms) = postSolution
		{C0F31713-12C3-4EA4-A4B2-DFA50CFA2036}.Debug|Any CPU.ActiveCfg = Debug|Any CPU
		{C0F31713-12C3-4EA4-A4B2-DFA50CFA2036}.Debug|Any CPU.Build.0 = Debug|Any CPU
		{C0F31713-12C3-4EA4-A4B2-DFA50CFA2036}.Release|Any CPU.ActiveCfg = Release|Any CPU
		{C0F31713-12C3-4EA4-A4B2-DFA50CFA2036}.Release|Any CPU.Build.0 = Release|Any CPU
	EndGlobalSection
	GlobalSection(SolutionProperties) = preSolution
		HideSolutionNode = FALSE
	EndGlobalSection
	GlobalSection(ExtensibilityGlobals) = postSolution
		SolutionGuid = {D2C7F677-FEB3-44DC-B2F2-3B0676E71823}
	EndGlobalSection
EndGlobal
