
Microsoft Visual Studio Solution File, Format Version 12.00
# Visual Studio 15
VisualStudioVersion = 15.0.27004.2010
MinimumVisualStudioVersion = 10.0.40219.1
Project("{FAE04EC0-301F-11D3-BF4B-00C04F79EFBC}") = "Workflow Engine - Section 6 Exercise", "Workflow Engine - Section 6 Exerci\Workflow Engine - Section 6 Exercise.csproj", "{B6DB418F-520B-4475-B907-C81309EA9D1E}"
EndProject
Global
	GlobalSection(SolutionConfigurationPlatforms) = preSolution
		Debug|Any CPU = Debug|Any CPU
		Release|Any CPU = Release|Any CPU
	EndGlobalSection
	GlobalSection(ProjectConfigurationPlatforms) = postSolution
		{B6DB418F-520B-4475-B907-C81309EA9D1E}.Debug|Any CPU.ActiveCfg = Debug|Any CPU
		{B6DB418F-520B-4475-B907-C81309EA9D1E}.Debug|Any CPU.Build.0 = Debug|Any CPU
		{B6DB418F-520B-4475-B907-C81309EA9D1E}.Release|Any CPU.ActiveCfg = Release|Any CPU
		{B6DB418F-520B-4475-B907-C81309EA9D1E}.Release|Any CPU.Build.0 = Release|Any CPU
	EndGlobalSection
	GlobalSection(SolutionProperties) = preSolution
		HideSolutionNode = FALSE
	EndGlobalSection
	GlobalSection(ExtensibilityGlobals) = postSolution
		SolutionGuid = {0BFF24FA-52BB-4A99-94D8-153F8B6CEBD6}
	EndGlobalSection
EndGlobal
