
Microsoft Visual Studio Solution File, Format Version 12.00
# Visual Studio 15
VisualStudioVersion = 15.0.27004.2010
MinimumVisualStudioVersion = 10.0.40219.1
Project("{FAE04EC0-301F-11D3-BF4B-00C04F79EFBC}") = "Lecture 28 - Abstract Classes", "Lecture 28 - Abstract Classes\Lecture 28 - Abstract Classes.csproj", "{283739F8-C3EE-4EF9-8B36-C2DAF33E5A3B}"
EndProject
Global
	GlobalSection(SolutionConfigurationPlatforms) = preSolution
		Debug|Any CPU = Debug|Any CPU
		Release|Any CPU = Release|Any CPU
	EndGlobalSection
	GlobalSection(ProjectConfigurationPlatforms) = postSolution
		{283739F8-C3EE-4EF9-8B36-C2DAF33E5A3B}.Debug|Any CPU.ActiveCfg = Debug|Any CPU
		{283739F8-C3EE-4EF9-8B36-C2DAF33E5A3B}.Debug|Any CPU.Build.0 = Debug|Any CPU
		{283739F8-C3EE-4EF9-8B36-C2DAF33E5A3B}.Release|Any CPU.ActiveCfg = Release|Any CPU
		{283739F8-C3EE-4EF9-8B36-C2DAF33E5A3B}.Release|Any CPU.Build.0 = Release|Any CPU
	EndGlobalSection
	GlobalSection(SolutionProperties) = preSolution
		HideSolutionNode = FALSE
	EndGlobalSection
	GlobalSection(ExtensibilityGlobals) = postSolution
		SolutionGuid = {C70E8D12-F89D-4699-81DF-84FFAD26B038}
	EndGlobalSection
EndGlobal
