
Microsoft Visual Studio Solution File, Format Version 12.00
# Visual Studio 15
VisualStudioVersion = 15.0.27004.2009
MinimumVisualStudioVersion = 10.0.40219.1
Project("{FAE04EC0-301F-11D3-BF4B-00C04F79EFBC}") = "Fields", "Fields\Fields.csproj", "{5DE900AD-E511-412F-B0E6-C5E3DA841661}"
EndProject
Global
	GlobalSection(SolutionConfigurationPlatforms) = preSolution
		Debug|Any CPU = Debug|Any CPU
		Release|Any CPU = Release|Any CPU
	EndGlobalSection
	GlobalSection(ProjectConfigurationPlatforms) = postSolution
		{5DE900AD-E511-412F-B0E6-C5E3DA841661}.Debug|Any CPU.ActiveCfg = Debug|Any CPU
		{5DE900AD-E511-412F-B0E6-C5E3DA841661}.Debug|Any CPU.Build.0 = Debug|Any CPU
		{5DE900AD-E511-412F-B0E6-C5E3DA841661}.Release|Any CPU.ActiveCfg = Release|Any CPU
		{5DE900AD-E511-412F-B0E6-C5E3DA841661}.Release|Any CPU.Build.0 = Release|Any CPU
	EndGlobalSection
	GlobalSection(SolutionProperties) = preSolution
		HideSolutionNode = FALSE
	EndGlobalSection
	GlobalSection(ExtensibilityGlobals) = postSolution
		SolutionGuid = {B5412627-7518-4ACC-B1E6-7F100C766C9F}
	EndGlobalSection
EndGlobal
